
Microsoft Visual Studio Solution File, Format Version 12.00
# Visual Studio Version 16
VisualStudioVersion = 16.0.29411.108
MinimumVisualStudioVersion = 10.0.40219.1
Project("{FAE04EC0-301F-11D3-BF4B-00C04F79EFBC}") = "Survey 2.0", "Survey 2.0\Survey 2.0.csproj", "{EB737374-612E-4E6D-B013-FB4D035EF1EC}"
EndProject
Global
	GlobalSection(SolutionConfigurationPlatforms) = preSolution
		Debug|Any CPU = Debug|Any CPU
		Release|Any CPU = Release|Any CPU
	EndGlobalSection
	GlobalSection(ProjectConfigurationPlatforms) = postSolution
		{EB737374-612E-4E6D-B013-FB4D035EF1EC}.Debug|Any CPU.ActiveCfg = Debug|Any CPU
		{EB737374-612E-4E6D-B013-FB4D035EF1EC}.Debug|Any CPU.Build.0 = Debug|Any CPU
		{EB737374-612E-4E6D-B013-FB4D035EF1EC}.Release|Any CPU.ActiveCfg = Release|Any CPU
		{EB737374-612E-4E6D-B013-FB4D035EF1EC}.Release|Any CPU.Build.0 = Release|Any CPU
	EndGlobalSection
	GlobalSection(SolutionProperties) = preSolution
		HideSolutionNode = FALSE
	EndGlobalSection
	GlobalSection(ExtensibilityGlobals) = postSolution
		SolutionGuid = {4A61082B-F2F5-40E9-A505-0D5B1A8812D3}
	EndGlobalSection
EndGlobal
